{
  "version": 4,
  "terraform_version": "1.7.5",
  "serial": 1,
  "lineage": "cfa938bb-50e0-0aee-d513-f75468c74b4f",
  "outputs": {},
  "resources": [
    {
      "mode": "managed",
      "type": "helm_release",
      "name": "mariadb_operator",
      "provider": "provider[\"registry.terraform.io/hashicorp/helm\"]",
      "instances": [
        {
          "schema_version": 2,
          "attributes": {
            "atomic": false,
            "chart": "./../../charts/mariadb-operator",
            "cleanup_on_fail": false,
            "create_namespace": true,
            "dependency_update": false,
            "description": null,
            "devel": null,
            "disable_crd_hooks": false,
            "disable_openapi_validation": false,
            "disable_webhooks": false,
            "force_update": false,
            "id": "mariadb",
            "keyring": null,
            "lint": false,
            "manifest": null,
            "max_history": 0,
            "metadata": {
              "app_version": "",
              "chart": "mariadb-operator",
              "first_deployed": 1764930842,
              "last_deployed": 1764930842,
              "name": "mariadb",
              "namespace": "mariadb",
              "notes": "mariadb-operator has been successfully deployed! 🦭\n\nNot sure what to do next? 😅 Check out:\nhttps://github.com/mariadb-operator/mariadb-operator/blob/main/docs/quickstart.md\n",
              "revision": 1,
              "values": "{}",
              "version": "0.1.0"
            },
            "name": "mariadb",
            "namespace": "mariadb",
            "pass_credentials": false,
            "postrender": null,
            "recreate_pods": false,
            "render_subchart_notes": true,
            "replace": false,
            "repository": null,
            "repository_ca_file": null,
            "repository_cert_file": null,
            "repository_key_file": null,
            "repository_password": null,
            "repository_username": null,
            "reset_values": false,
            "resources": null,
            "reuse_values": false,
            "set": null,
            "set_list": null,
            "set_sensitive": null,
            "set_wo": null,
            "set_wo_revision": null,
            "skip_crds": false,
            "status": "deployed",
            "take_ownership": false,
            "timeout": 300,
            "timeouts": null,
            "upgrade_install": false,
            "values": null,
            "verify": false,
            "version": "0.1.0",
            "wait": true,
            "wait_for_jobs": false
          },
          "sensitive_attributes": []
        }
      ]
    }
  ],
  "check_results": null
}
